// !$*UTF8*$!
{
	archiveVersion = 1;
	classes = {
	};
	objectVersion = 56;
	objects = {

/* Begin PBXBuildFile section */
		0D9F6EEF29F97DDE0037AF20 /* AppDelegate.swift in Sources */ = {isa = PBXBuildFile; fileRef = 0D9F6EEE29F97DDE0037AF20 /* AppDelegate.swift */; };
		0D9F6EF129F97DDE0037AF20 /* SceneDelegate.swift in Sources */ = {isa = PBXBuildFile; fileRef = 0D9F6EF029F97DDE0037AF20 /* SceneDelegate.swift */; };
		0D9F6EF329F97DDE0037AF20 /* ViewController.swift in Sources */ = {isa = PBXBuildFile; fileRef = 0D9F6EF229F97DDE0037AF20 /* ViewController.swift */; };
		0D9F6EF629F97DDE0037AF20 /* Main.storyboard in Resources */ = {isa = PBXBuildFile; fileRef = 0D9F6EF429F97DDE0037AF20 /* Main.storyboard */; };
		0D9F6EF829F97DDF0037AF20 /* Assets.xcassets in Resources */ = {isa = PBXBuildFile; fileRef = 0D9F6EF729F97DDF0037AF20 /* Assets.xcassets */; };
		0D9F6EFB29F97DDF0037AF20 /* LaunchScreen.storyboard in Resources */ = {isa = PBXBuildFile; fileRef = 0D9F6EF929F97DDF0037AF20 /* LaunchScreen.storyboard */; };
		0D9F6F0629F97DDF0037AF20 /* TDDetectorTests.swift in Sources */ = {isa = PBXBuildFile; fileRef = 0D9F6F0529F97DDF0037AF20 /* TDDetectorTests.swift */; };
		0D9F6F1029F97DE00037AF20 /* TDDetectorUITests.swift in Sources */ = {isa = PBXBuildFile; fileRef = 0D9F6F0F29F97DE00037AF20 /* TDDetectorUITests.swift */; };
		0D9F6F1229F97DE00037AF20 /* TDDetectorUITestsLaunchTests.swift in Sources */ = {isa = PBXBuildFile; fileRef = 0D9F6F1129F97DE00037AF20 /* TDDetectorUITestsLaunchTests.swift */; };
/* End PBXBuildFile section */

/* Begin PBXContainerItemProxy section */
		0D9F6F0229F97DDF0037AF20 /* PBXContainerItemProxy */ = {
			isa = PBXContainerItemProxy;
			containerPortal = 0D9F6EE329F97DDE0037AF20 /* Project object */;
			proxyType = 1;
			remoteGlobalIDString = 0D9F6EEA29F97DDE0037AF20;
			remoteInfo = TDDetector;
		};
		0D9F6F0C29F97DE00037AF20 /* PBXContainerItemProxy */ = {
			isa = PBXContainerItemProxy;
			containerPortal = 0D9F6EE329F97DDE0037AF20 /* Project object */;
			proxyType = 1;
			remoteGlobalIDString = 0D9F6EEA29F97DDE0037AF20;
			remoteInfo = TDDetector;
		};
/* End PBXContainerItemProxy section */

/* Begin PBXFileReference section */
		0D9F6EEB29F97DDE0037AF20 /* TDDetector.app */ = {isa = PBXFileReference; explicitFileType = wrapper.application; includeInIndex = 0; path = TDDetector.app; sourceTree = BUILT_PRODUCTS_DIR; };
		0D9F6EEE29F97DDE0037AF20 /* AppDelegate.swift */ = {isa = PBXFileReference; lastKnownFileType = sourcecode.swift; path = AppDelegate.swift; sourceTree = "<group>"; };
		0D9F6EF029F97DDE0037AF20 /* SceneDelegate.swift */ = {isa = PBXFileReference; lastKnownFileType = sourcecode.swift; path = SceneDelegate.swift; sourceTree = "<group>"; };
		0D9F6EF229F97DDE0037AF20 /* ViewController.swift */ = {isa = PBXFileReference; lastKnownFileType = sourcecode.swift; path = ViewController.swift; sourceTree = "<group>"; };
		0D9F6EF529F97DDE0037AF20 /* Base */ = {isa = PBXFileReference; lastKnownFileType = file.storyboard; name = Base; path = Base.lproj/Main.storyboard; sourceTree = "<group>"; };
		0D9F6EF729F97DDF0037AF20 /* Assets.xcassets */ = {isa = PBXFileReference; lastKnownFileType = folder.assetcatalog; path = Assets.xcassets; sourceTree = "<group>"; };
		0D9F6EFA29F97DDF0037AF20 /* Base */ = {isa = PBXFileReference; lastKnownFileType = file.storyboard; name = Base; path = Base.lproj/LaunchScreen.storyboard; sourceTree = "<group>"; };
		0D9F6EFC29F97DDF0037AF20 /* Info.plist */ = {isa = PBXFileReference; lastKnownFileType = text.plist.xml; path = Info.plist; sourceTree = "<group>"; };
		0D9F6F0129F97DDF0037AF20 /* TDDetectorTests.xctest */ = {isa = PBXFileReference; explicitFileType = wrapper.cfbundle; includeInIndex = 0; path = TDDetectorTests.xctest; sourceTree = BUILT_PRODUCTS_DIR; };
		0D9F6F0529F97DDF0037AF20 /* TDDetectorTests.swift */ = {isa = PBXFileReference; lastKnownFileType = sourcecode.swift; path = TDDetectorTests.swift; sourceTree = "<group>"; };
		0D9F6F0B29F97DE00037AF20 /* TDDetectorUITests.xctest */ = {isa = PBXFileReference; explicitFileType = wrapper.cfbundle; includeInIndex = 0; path = TDDetectorUITests.xctest; sourceTree = BUILT_PRODUCTS_DIR; };
		0D9F6F0F29F97DE00037AF20 /* TDDetectorUITests.swift */ = {isa = PBXFileReference; lastKnownFileType = sourcecode.swift; path = TDDetectorUITests.swift; sourceTree = "<group>"; };
		0D9F6F1129F97DE00037AF20 /* TDDetectorUITestsLaunchTests.swift */ = {isa = PBXFileReference; lastKnownFileType = sourcecode.swift; path = TDDetectorUITestsLaunchTests.swift; sourceTree = "<group>"; };
/* End PBXFileReference section */

/* Begin PBXFrameworksBuildPhase section */
		0D9F6EE829F97DDE0037AF20 /* Frameworks */ = {
			isa = PBXFrameworksBuildPhase;
			buildActionMask = 2147483647;
			files = (
			);
			runOnlyForDeploymentPostprocessing = 0;
		};
		0D9F6EFE29F97DDF0037AF20 /* Frameworks */ = {
			isa = PBXFrameworksBuildPhase;
			buildActionMask = 2147483647;
			files = (
			);
			runOnlyForDeploymentPostprocessing = 0;
		};
		0D9F6F0829F97DE00037AF20 /* Frameworks */ = {
			isa = PBXFrameworksBuildPhase;
			buildActionMask = 2147483647;
			files = (
			);
			runOnlyForDeploymentPostprocessing = 0;
		};
/* End PBXFrameworksBuildPhase section */

/* Begin PBXGroup section */
		0D9F6EE229F97DDE0037AF20 = {
			isa = PBXGroup;
			children = (
				0D9F6EED29F97DDE0037AF20 /* TDDetector */,
				0D9F6F0429F97DDF0037AF20 /* TDDetectorTests */,
				0D9F6F0E29F97DE00037AF20 /* TDDetectorUITests */,
				0D9F6EEC29F97DDE0037AF20 /* Products */,
			);
			sourceTree = "<group>";
		};
		0D9F6EEC29F97DDE0037AF20 /* Products */ = {
			isa = PBXGroup;
			children = (
				0D9F6EEB29F97DDE0037AF20 /* TDDetector.app */,
				0D9F6F0129F97DDF0037AF20 /* TDDetectorTests.xctest */,
				0D9F6F0B29F97DE00037AF20 /* TDDetectorUITests.xctest */,
			);
			name = Products;
			sourceTree = "<group>";
		};
		0D9F6EED29F97DDE0037AF20 /* TDDetector */ = {
			isa = PBXGroup;
			children = (
				0D9F6EEE29F97DDE0037AF20 /* AppDelegate.swift */,
				0D9F6EF029F97DDE0037AF20 /* SceneDelegate.swift */,
				0D9F6EF229F97DDE0037AF20 /* ViewController.swift */,
				0D9F6EF429F97DDE0037AF20 /* Main.storyboard */,
				0D9F6EF729F97DDF0037AF20 /* Assets.xcassets */,
				0D9F6EF929F97DDF0037AF20 /* LaunchScreen.storyboard */,
				0D9F6EFC29F97DDF0037AF20 /* Info.plist */,
			);
			path = TDDetector;
			sourceTree = "<group>";
		};
		0D9F6F0429F97DDF0037AF20 /* TDDetectorTests */ = {
			isa = PBXGroup;
			children = (
				0D9F6F0529F97DDF0037AF20 /* TDDetectorTests.swift */,
			);
			path = TDDetectorTests;
			sourceTree = "<group>";
		};
		0D9F6F0E29F97DE00037AF20 /* TDDetectorUITests */ = {
			isa = PBXGroup;
			children = (
				0D9F6F0F29F97DE00037AF20 /* TDDetectorUITests.swift */,
				0D9F6F1129F97DE00037AF20 /* TDDetectorUITestsLaunchTests.swift */,
			);
			path = TDDetectorUITests;
			sourceTree = "<group>";
		};
/* End PBXGroup section */

/* Begin PBXNativeTarget section */
		0D9F6EEA29F97DDE0037AF20 /* TDDetector */ = {
			isa = PBXNativeTarget;
			buildConfigurationList = 0D9F6F1529F97DE00037AF20 /* Build configuration list for PBXNativeTarget "TDDetector" */;
			buildPhases = (
				0D9F6EE729F97DDE0037AF20 /* Sources */,
				0D9F6EE829F97DDE0037AF20 /* Frameworks */,
				0D9F6EE929F97DDE0037AF20 /* Resources */,
			);
			buildRules = (
			);
			dependencies = (
			);
			name = TDDetector;
			productName = TDDetector;
			productReference = 0D9F6EEB29F97DDE0037AF20 /* TDDetector.app */;
			productType = "com.apple.product-type.application";
		};
		0D9F6F0029F97DDF0037AF20 /* TDDetectorTests */ = {
			isa = PBXNativeTarget;
			buildConfigurationList = 0D9F6F1829F97DE00037AF20 /* Build configuration list for PBXNativeTarget "TDDetectorTests" */;
			buildPhases = (
				0D9F6EFD29F97DDF0037AF20 /* Sources */,
				0D9F6EFE29F97DDF0037AF20 /* Frameworks */,
				0D9F6EFF29F97DDF0037AF20 /* Resources */,
			);
			buildRules = (
			);
			dependencies = (
				0D9F6F0329F97DDF0037AF20 /* PBXTargetDependency */,
			);
			name = TDDetectorTests;
			productName = TDDetectorTests;
			productReference = 0D9F6F0129F97DDF0037AF20 /* TDDetectorTests.xctest */;
			productType = "com.apple.product-type.bundle.unit-test";
		};
		0D9F6F0A29F97DE00037AF20 /* TDDetectorUITests */ = {
			isa = PBXNativeTarget;
			buildConfigurationList = 0D9F6F1B29F97DE00037AF20 /* Build configuration list for PBXNativeTarget "TDDetectorUITests" */;
			buildPhases = (
				0D9F6F0729F97DE00037AF20 /* Sources */,
				0D9F6F0829F97DE00037AF20 /* Frameworks */,
				0D9F6F0929F97DE00037AF20 /* Resources */,
			);
			buildRules = (
			);
			dependencies = (
				0D9F6F0D29F97DE00037AF20 /* PBXTargetDependency */,
			);
			name = TDDetectorUITests;
			productName = TDDetectorUITests;
			productReference = 0D9F6F0B29F97DE00037AF20 /* TDDetectorUITests.xctest */;
			productType = "com.apple.product-type.bundle.ui-testing";
		};
/* End PBXNativeTarget section */

/* Begin PBXProject section */
		0D9F6EE329F97DDE0037AF20 /* Project object */ = {
			isa = PBXProject;
			attributes = {
				BuildIndependentTargetsInParallel = 1;
				LastSwiftUpdateCheck = 1430;
				LastUpgradeCheck = 1430;
				TargetAttributes = {
					0D9F6EEA29F97DDE0037AF20 = {
						CreatedOnToolsVersion = 14.3;
					};
					0D9F6F0029F97DDF0037AF20 = {
						CreatedOnToolsVersion = 14.3;
						TestTargetID = 0D9F6EEA29F97DDE0037AF20;
					};
					0D9F6F0A29F97DE00037AF20 = {
						CreatedOnToolsVersion = 14.3;
						TestTargetID = 0D9F6EEA29F97DDE0037AF20;
					};
				};
			};
			buildConfigurationList = 0D9F6EE629F97DDE0037AF20 /* Build configuration list for PBXProject "TDDetector" */;
			compatibilityVersion = "Xcode 14.0";
			developmentRegion = en;
			hasScannedForEncodings = 0;
			knownRegions = (
				en,
				Base,
			);
			mainGroup = 0D9F6EE229F97DDE0037AF20;
			productRefGroup = 0D9F6EEC29F97DDE0037AF20 /* Products */;
			projectDirPath = "";
			projectRoot = "";
			targets = (
				0D9F6EEA29F97DDE0037AF20 /* TDDetector */,
				0D9F6F0029F97DDF0037AF20 /* TDDetectorTests */,
				0D9F6F0A29F97DE00037AF20 /* TDDetectorUITests */,
			);
		};
/* End PBXProject section */

/* Begin PBXResourcesBuildPhase section */
		0D9F6EE929F97DDE0037AF20 /* Resources */ = {
			isa = PBXResourcesBuildPhase;
			buildActionMask = 2147483647;
			files = (
				0D9F6EFB29F97DDF0037AF20 /* LaunchScreen.storyboard in Resources */,
				0D9F6EF829F97DDF0037AF20 /* Assets.xcassets in Resources */,
				0D9F6EF629F97DDE0037AF20 /* Main.storyboard in Resources */,
			);
			runOnlyForDeploymentPostprocessing = 0;
		};
		0D9F6EFF29F97DDF0037AF20 /* Resources */ = {
			isa = PBXResourcesBuildPhase;
			buildActionMask = 2147483647;
			files = (
			);
			runOnlyForDeploymentPostprocessing = 0;
		};
		0D9F6F0929F97DE00037AF20 /* Resources */ = {
			isa = PBXResourcesBuildPhase;
			buildActionMask = 2147483647;
			files = (
			);
			runOnlyForDeploymentPostprocessing = 0;
		};
/* End PBXResourcesBuildPhase section */

/* Begin PBXSourcesBuildPhase section */
		0D9F6EE729F97DDE0037AF20 /* Sources */ = {
			isa = PBXSourcesBuildPhase;
			buildActionMask = 2147483647;
			files = (
				0D9F6EF329F97DDE0037AF20 /* ViewController.swift in Sources */,
				0D9F6EEF29F97DDE0037AF20 /* AppDelegate.swift in Sources */,
				0D9F6EF129F97DDE0037AF20 /* SceneDelegate.swift in Sources */,
			);
			runOnlyForDeploymentPostprocessing = 0;
		};
		0D9F6EFD29F97DDF0037AF20 /* Sources */ = {
			isa = PBXSourcesBuildPhase;
			buildActionMask = 2147483647;
			files = (
				0D9F6F0629F97DDF0037AF20 /* TDDetectorTests.swift in Sources */,
			);
			runOnlyForDeploymentPostprocessing = 0;
		};
		0D9F6F0729F97DE00037AF20 /* Sources */ = {
			isa = PBXSourcesBuildPhase;
			buildActionMask = 2147483647;
			files = (
				0D9F6F1229F97DE00037AF20 /* TDDetectorUITestsLaunchTests.swift in Sources */,
				0D9F6F1029F97DE00037AF20 /* TDDetectorUITests.swift in Sources */,
			);
			runOnlyForDeploymentPostprocessing = 0;
		};
/* End PBXSourcesBuildPhase section */

/* Begin PBXTargetDependency section */
		0D9F6F0329F97DDF0037AF20 /* PBXTargetDependency */ = {
			isa = PBXTargetDependency;
			target = 0D9F6EEA29F97DDE0037AF20 /* TDDetector */;
			targetProxy = 0D9F6F0229F97DDF0037AF20 /* PBXContainerItemProxy */;
		};
		0D9F6F0D29F97DE00037AF20 /* PBXTargetDependency */ = {
			isa = PBXTargetDependency;
			target = 0D9F6EEA29F97DDE0037AF20 /* TDDetector */;
			targetProxy = 0D9F6F0C29F97DE00037AF20 /* PBXContainerItemProxy */;
		};
/* End PBXTargetDependency section */

/* Begin PBXVariantGroup section */
		0D9F6EF429F97DDE0037AF20 /* Main.storyboard */ = {
			isa = PBXVariantGroup;
			children = (
				0D9F6EF529F97DDE0037AF20 /* Base */,
			);
			name = Main.storyboard;
			sourceTree = "<group>";
		};
		0D9F6EF929F97DDF0037AF20 /* LaunchScreen.storyboard */ = {
			isa = PBXVariantGroup;
			children = (
				0D9F6EFA29F97DDF0037AF20 /* Base */,
			);
			name = LaunchScreen.storyboard;
			sourceTree = "<group>";
		};
/* End PBXVariantGroup section */

/* Begin XCBuildConfiguration section */
		0D9F6F1329F97DE00037AF20 /* Debug */ = {
			isa = XCBuildConfiguration;
			buildSettings = {
				ALWAYS_SEARCH_USER_PATHS = NO;
				CLANG_ANALYZER_NONNULL = YES;
				CLANG_ANALYZER_NUMBER_OBJECT_CONVERSION = YES_AGGRESSIVE;
				CLANG_CXX_LANGUAGE_STANDARD = "gnu++20";
				CLANG_ENABLE_MODULES = YES;
				CLANG_ENABLE_OBJC_ARC = YES;
				CLANG_ENABLE_OBJC_WEAK = YES;
				CLANG_WARN_BLOCK_CAPTURE_AUTORELEASING = YES;
				CLANG_WARN_BOOL_CONVERSION = YES;
				CLANG_WARN_COMMA = YES;
				CLANG_WARN_CONSTANT_CONVERSION = YES;
				CLANG_WARN_DEPRECATED_OBJC_IMPLEMENTATIONS = YES;
				CLANG_WARN_DIRECT_OBJC_ISA_USAGE = YES_ERROR;
				CLANG_WARN_DOCUMENTATION_COMMENTS = YES;
				CLANG_WARN_EMPTY_BODY = YES;
				CLANG_WARN_ENUM_CONVERSION = YES;
				CLANG_WARN_INFINITE_RECURSION = YES;
				CLANG_WARN_INT_CONVERSION = YES;
				CLANG_WARN_NON_LITERAL_NULL_CONVERSION = YES;
				CLANG_WARN_OBJC_IMPLICIT_RETAIN_SELF = YES;
				CLANG_WARN_OBJC_LITERAL_CONVERSION = YES;
				CLANG_WARN_OBJC_ROOT_CLASS = YES_ERROR;
				CLANG_WARN_QUOTED_INCLUDE_IN_FRAMEWORK_HEADER = YES;
				CLANG_WARN_RANGE_LOOP_ANALYSIS = YES;
				CLANG_WARN_STRICT_PROTOTYPES = YES;
				CLANG_WARN_SUSPICIOUS_MOVE = YES;
				CLANG_WARN_UNGUARDED_AVAILABILITY = YES_AGGRESSIVE;
				CLANG_WARN_UNREACHABLE_CODE = YES;
				CLANG_WARN__DUPLICATE_METHOD_MATCH = YES;
				COPY_PHASE_STRIP = NO;
				DEBUG_INFORMATION_FORMAT = dwarf;
				ENABLE_STRICT_OBJC_MSGSEND = YES;
				ENABLE_TESTABILITY = YES;
				GCC_C_LANGUAGE_STANDARD = gnu11;
				GCC_DYNAMIC_NO_PIC = NO;
				GCC_NO_COMMON_BLOCKS = YES;
				GCC_OPTIMIZATION_LEVEL = 0;
				GCC_PREPROCESSOR_DEFINITIONS = (
					"DEBUG=1",
					"$(inherited)",
				);
				GCC_WARN_64_TO_32_BIT_CONVERSION = YES;
				GCC_WARN_ABOUT_RETURN_TYPE = YES_ERROR;
				GCC_WARN_UNDECLARED_SELECTOR = YES;
				GCC_WARN_UNINITIALIZED_AUTOS = YES_AGGRESSIVE;
				GCC_WARN_UNUSED_FUNCTION = YES;
				GCC_WARN_UNUSED_VARIABLE = YES;
				IPHONEOS_DEPLOYMENT_TARGET = 16.4;
				MTL_ENABLE_DEBUG_INFO = INCLUDE_SOURCE;
				MTL_FAST_MATH = YES;
				ONLY_ACTIVE_ARCH = YES;
				SDKROOT = iphoneos;
				SWIFT_ACTIVE_COMPILATION_CONDITIONS = DEBUG;
				SWIFT_OPTIMIZATION_LEVEL = "-Onone";
			};
			name = Debug;
		};
		0D9F6F1429F97DE00037AF20 /* Release */ = {
			isa = XCBuildConfiguration;
			buildSettings = {
				ALWAYS_SEARCH_USER_PATHS = NO;
				CLANG_ANALYZER_NONNULL = YES;
				CLANG_ANALYZER_NUMBER_OBJECT_CONVERSION = YES_AGGRESSIVE;
				CLANG_CXX_LANGUAGE_STANDARD = "gnu++20";
				CLANG_ENABLE_MODULES = YES;
				CLANG_ENABLE_OBJC_ARC = YES;
				CLANG_ENABLE_OBJC_WEAK = YES;
				CLANG_WARN_BLOCK_CAPTURE_AUTORELEASING = YES;
				CLANG_WARN_BOOL_CONVERSION = YES;
				CLANG_WARN_COMMA = YES;
				CLANG_WARN_CONSTANT_CONVERSION = YES;
				CLANG_WARN_DEPRECATED_OBJC_IMPLEMENTATIONS = YES;
				CLANG_WARN_DIRECT_OBJC_ISA_USAGE = YES_ERROR;
				CLANG_WARN_DOCUMENTATION_COMMENTS = YES;
				CLANG_WARN_EMPTY_BODY = YES;
				CLANG_WARN_ENUM_CONVERSION = YES;
				CLANG_WARN_INFINITE_RECURSION = YES;
				CLANG_WARN_INT_CONVERSION = YES;
				CLANG_WARN_NON_LITERAL_NULL_CONVERSION = YES;
				CLANG_WARN_OBJC_IMPLICIT_RETAIN_SELF = YES;
				CLANG_WARN_OBJC_LITERAL_CONVERSION = YES;
				CLANG_WARN_OBJC_ROOT_CLASS = YES_ERROR;
				CLANG_WARN_QUOTED_INCLUDE_IN_FRAMEWORK_HEADER = YES;
				CLANG_WARN_RANGE_LOOP_ANALYSIS = YES;
				CLANG_WARN_STRICT_PROTOTYPES = YES;
				CLANG_WARN_SUSPICIOUS_MOVE = YES;
				CLANG_WARN_UNGUARDED_AVAILABILITY = YES_AGGRESSIVE;
				CLANG_WARN_UNREACHABLE_CODE = YES;
				CLANG_WARN__DUPLICATE_METHOD_MATCH = YES;
				COPY_PHASE_STRIP = NO;
				DEBUG_INFORMATION_FORMAT = "dwarf-with-dsym";
				ENABLE_NS_ASSERTIONS = NO;
				ENABLE_STRICT_OBJC_MSGSEND = YES;
				GCC_C_LANGUAGE_STANDARD = gnu11;
				GCC_NO_COMMON_BLOCKS = YES;
				GCC_WARN_64_TO_32_BIT_CONVERSION = YES;
				GCC_WARN_ABOUT_RETURN_TYPE = YES_ERROR;
				GCC_WARN_UNDECLARED_SELECTOR = YES;
				GCC_WARN_UNINITIALIZED_AUTOS = YES_AGGRESSIVE;
				GCC_WARN_UNUSED_FUNCTION = YES;
				GCC_WARN_UNUSED_VARIABLE = YES;
				IPHONEOS_DEPLOYMENT_TARGET = 16.4;
				MTL_ENABLE_DEBUG_INFO = NO;
				MTL_FAST_MATH = YES;
				SDKROOT = iphoneos;
				SWIFT_COMPILATION_MODE = wholemodule;
				SWIFT_OPTIMIZATION_LEVEL = "-O";
				VALIDATE_PRODUCT = YES;
			};
			name = Release;
		};
		0D9F6F1629F97DE00037AF20 /* Debug */ = {
			isa = XCBuildConfiguration;
			buildSettings = {
				ASSETCATALOG_COMPILER_APPICON_NAME = AppIcon;
				ASSETCATALOG_COMPILER_GLOBAL_ACCENT_COLOR_NAME = AccentColor;
				CODE_SIGN_STYLE = Automatic;
				CURRENT_PROJECT_VERSION = 1;
				DEVELOPMENT_TEAM = T7F35K4QPB;
				GENERATE_INFOPLIST_FILE = YES;
				INFOPLIST_FILE = TDDetector/Info.plist;
				INFOPLIST_KEY_LSApplicationCategoryType = "public.app-category.healthcare-fitness";
				INFOPLIST_KEY_UIApplicationSupportsIndirectInputEvents = YES;
				INFOPLIST_KEY_UILaunchStoryboardName = LaunchScreen;
				INFOPLIST_KEY_UIMainStoryboardFile = Main;
				INFOPLIST_KEY_UIRequiresFullScreen = YES;
				INFOPLIST_KEY_UIStatusBarHidden = YES;
				INFOPLIST_KEY_UISupportedInterfaceOrientations = "UIInterfaceOrientationLandscapeLeft UIInterfaceOrientationLandscapeRight UIInterfaceOrientationPortrait";
				INFOPLIST_KEY_UISupportedInterfaceOrientations_iPad = "UIInterfaceOrientationLandscapeLeft UIInterfaceOrientationLandscapeRight";
				LD_RUNPATH_SEARCH_PATHS = (
					"$(inherited)",
					"@executable_path/Frameworks",
				);
				MARKETING_VERSION = 1.0;
				PRODUCT_BUNDLE_IDENTIFIER = UNACH.TDDetector;
				PRODUCT_NAME = "$(TARGET_NAME)";
				SUPPORTED_PLATFORMS = "iphoneos iphonesimulator";
				SUPPORTS_MACCATALYST = NO;
				SUPPORTS_MAC_DESIGNED_FOR_IPHONE_IPAD = NO;
				SWIFT_EMIT_LOC_STRINGS = YES;
				SWIFT_VERSION = 5.0;
				TARGETED_DEVICE_FAMILY = 2;
			};
			name = Debug;
		};
		0D9F6F1729F97DE00037AF20 /* Release */ = {
			isa = XCBuildConfiguration;
			buildSettings = {
				ASSETCATALOG_COMPILER_APPICON_NAME = AppIcon;
				ASSETCATALOG_COMPILER_GLOBAL_ACCENT_COLOR_NAME = AccentColor;
				CODE_SIGN_STYLE = Automatic;
				CURRENT_PROJECT_VERSION = 1;
				DEVELOPMENT_TEAM = T7F35K4QPB;
				GENERATE_INFOPLIST_FILE = YES;
				INFOPLIST_FILE = TDDetector/Info.plist;
				INFOPLIST_KEY_LSApplicationCategoryType = "public.app-category.healthcare-fitness";
				INFOPLIST_KEY_UIApplicationSupportsIndirectInputEvents = YES;
				INFOPLIST_KEY_UILaunchStoryboardName = LaunchScreen;
				INFOPLIST_KEY_UIMainStoryboardFile = Main;
				INFOPLIST_KEY_UIRequiresFullScreen = YES;
				INFOPLIST_KEY_UIStatusBarHidden = YES;
				INFOPLIST_KEY_UISupportedInterfaceOrientations = "UIInterfaceOrientationLandscapeLeft UIInterfaceOrientationLandscapeRight UIInterfaceOrientationPortrait";
				INFOPLIST_KEY_UISupportedInterfaceOrientations_iPad = "UIInterfaceOrientationLandscapeLeft UIInterfaceOrientationLandscapeRight";
				LD_RUNPATH_SEARCH_PATHS = (
					"$(inherited)",
					"@executable_path/Frameworks",
				);
				MARKETING_VERSION = 1.0;
				PRODUCT_BUNDLE_IDENTIFIER = UNACH.TDDetector;
				PRODUCT_NAME = "$(TARGET_NAME)";
				SUPPORTED_PLATFORMS = "iphoneos iphonesimulator";
				SUPPORTS_MACCATALYST = NO;
				SUPPORTS_MAC_DESIGNED_FOR_IPHONE_IPAD = NO;
				SWIFT_EMIT_LOC_STRINGS = YES;
				SWIFT_VERSION = 5.0;
				TARGETED_DEVICE_FAMILY = 2;
			};
			name = Release;
		};
		0D9F6F1929F97DE00037AF20 /* Debug */ = {
			isa = XCBuildConfiguration;
			buildSettings = {
				ALWAYS_EMBED_SWIFT_STANDARD_LIBRARIES = YES;
				BUNDLE_LOADER = "$(TEST_HOST)";
				CODE_SIGN_STYLE = Automatic;
				CURRENT_PROJECT_VERSION = 1;
				DEVELOPMENT_TEAM = T7F35K4QPB;
				GENERATE_INFOPLIST_FILE = YES;
				IPHONEOS_DEPLOYMENT_TARGET = 16.4;
				MARKETING_VERSION = 1.0;
				PRODUCT_BUNDLE_IDENTIFIER = UNACH.TDDetectorTests;
				PRODUCT_NAME = "$(TARGET_NAME)";
				SWIFT_EMIT_LOC_STRINGS = NO;
				SWIFT_VERSION = 5.0;
				TARGETED_DEVICE_FAMILY = "1,2";
				TEST_HOST = "$(BUILT_PRODUCTS_DIR)/TDDetector.app/$(BUNDLE_EXECUTABLE_FOLDER_PATH)/TDDetector";
			};
			name = Debug;
		};
		0D9F6F1A29F97DE00037AF20 /* Release */ = {
			isa = XCBuildConfiguration;
			buildSettings = {
				ALWAYS_EMBED_SWIFT_STANDARD_LIBRARIES = YES;
				BUNDLE_LOADER = "$(TEST_HOST)";
				CODE_SIGN_STYLE = Automatic;
				CURRENT_PROJECT_VERSION = 1;
				DEVELOPMENT_TEAM = T7F35K4QPB;
				GENERATE_INFOPLIST_FILE = YES;
				IPHONEOS_DEPLOYMENT_TARGET = 16.4;
				MARKETING_VERSION = 1.0;
				PRODUCT_BUNDLE_IDENTIFIER = UNACH.TDDetectorTests;
				PRODUCT_NAME = "$(TARGET_NAME)";
				SWIFT_EMIT_LOC_STRINGS = NO;
				SWIFT_VERSION = 5.0;
				TARGETED_DEVICE_FAMILY = "1,2";
				TEST_HOST = "$(BUILT_PRODUCTS_DIR)/TDDetector.app/$(BUNDLE_EXECUTABLE_FOLDER_PATH)/TDDetector";
			};
			name = Release;
		};
		0D9F6F1C29F97DE00037AF20 /* Debug */ = {
			isa = XCBuildConfiguration;
			buildSettings = {
				ALWAYS_EMBED_SWIFT_STANDARD_LIBRARIES = YES;
				CODE_SIGN_STYLE = Automatic;
				CURRENT_PROJECT_VERSION = 1;
				DEVELOPMENT_TEAM = T7F35K4QPB;
				GENERATE_INFOPLIST_FILE = YES;
				MARKETING_VERSION = 1.0;
				PRODUCT_BUNDLE_IDENTIFIER = UNACH.TDDetectorUITests;
				PRODUCT_NAME = "$(TARGET_NAME)";
				SWIFT_EMIT_LOC_STRINGS = NO;
				SWIFT_VERSION = 5.0;
				TARGETED_DEVICE_FAMILY = "1,2";
				TEST_TARGET_NAME = TDDetector;
			};
			name = Debug;
		};
		0D9F6F1D29F97DE00037AF20 /* Release */ = {
			isa = XCBuildConfiguration;
			buildSettings = {
				ALWAYS_EMBED_SWIFT_STANDARD_LIBRARIES = YES;
				CODE_SIGN_STYLE = Automatic;
				CURRENT_PROJECT_VERSION = 1;
				DEVELOPMENT_TEAM = T7F35K4QPB;
				GENERATE_INFOPLIST_FILE = YES;
				MARKETING_VERSION = 1.0;
				PRODUCT_BUNDLE_IDENTIFIER = UNACH.TDDetectorUITests;
				PRODUCT_NAME = "$(TARGET_NAME)";
				SWIFT_EMIT_LOC_STRINGS = NO;
				SWIFT_VERSION = 5.0;
				TARGETED_DEVICE_FAMILY = "1,2";
				TEST_TARGET_NAME = TDDetector;
			};
			name = Release;
		};
/* End XCBuildConfiguration section */

/* Begin XCConfigurationList section */
		0D9F6EE629F97DDE0037AF20 /* Build configuration list for PBXProject "TDDetector" */ = {
			isa = XCConfigurationList;
			buildConfigurations = (
				0D9F6F1329F97DE00037AF20 /* Debug */,
				0D9F6F1429F97DE00037AF20 /* Release */,
			);
			defaultConfigurationIsVisible = 0;
			defaultConfigurationName = Release;
		};
		0D9F6F1529F97DE00037AF20 /* Build configuration list for PBXNativeTarget "TDDetector" */ = {
			isa = XCConfigurationList;
			buildConfigurations = (
				0D9F6F1629F97DE00037AF20 /* Debug */,
				0D9F6F1729F97DE00037AF20 /* Release */,
			);
			defaultConfigurationIsVisible = 0;
			defaultConfigurationName = Release;
		};
		0D9F6F1829F97DE00037AF20 /* Build configuration list for PBXNativeTarget "TDDetectorTests" */ = {
			isa = XCConfigurationList;
			buildConfigurations = (
				0D9F6F1929F97DE00037AF20 /* Debug */,
				0D9F6F1A29F97DE00037AF20 /* Release */,
			);
			defaultConfigurationIsVisible = 0;
			defaultConfigurationName = Release;
		};
		0D9F6F1B29F97DE00037AF20 /* Build configuration list for PBXNativeTarget "TDDetectorUITests" */ = {
			isa = XCConfigurationList;
			buildConfigurations = (
				0D9F6F1C29F97DE00037AF20 /* Debug */,
				0D9F6F1D29F97DE00037AF20 /* Release */,
			);
			defaultConfigurationIsVisible = 0;
			defaultConfigurationName = Release;
		};
/* End XCConfigurationList section */
	};
	rootObject = 0D9F6EE329F97DDE0037AF20 /* Project object */;
}
